{
  "name": "grvt-tx-sign",
  "version": "1.0.0",
  "lockfileVersion": 2,
  "requires": true,
  "packages": {
    "": {
      "name": "grvt-tx-sign",
      "version": "1.0.0",
      "license": "UNLICENSED",
      "dependencies": {
        "@metamask/eth-sig-util": "^7.0.2",
        "ethers": "^6.12.1",
        "prompts": "^2.4.2"
      },
      "devDependencies": {
        "@types/node": "^20.12.12",
        "@types/prompts": "^2.4.9",
        "ts-node": "^10.9.2",
        "typescript": "^5.4.5"
      },
      "engines": {
        "node": ">=20"
      }
    },
    "node_modules/@adraffy/ens-normalize": {
      "version": "1.10.1",
      "resolved": "https://registry.npmjs.org/@adraffy/ens-normalize/-/ens-normalize-1.10.1.tgz",
      "integrity": "sha512-96Z2IP3mYmF1Xg2cDm8f1gWGf/HUVedQ3FMifV4kG/PQ4yEP51xDtRAEfhVNt5f/uzpNkZHwWQuUcu6D6K+Ekw=="
    },
    "node_modules/@cspotcode/source-map-support": {
      "version": "0.8.1",
      "resolved": "https://registry.npmjs.org/@cspotcode/source-map-support/-/source-map-support-0.8.1.tgz",
      "integrity": "sha512-IchNf6dN4tHoMFIn/7OE8LWZ19Y6q/67Bmf6vnGREv8RSbBVb9LPJxEcnwrcwX6ixSvaiGoomAUvu4YSxXrVgw==",
      "dev": true,
      "dependencies": {
        "@jridgewell/trace-mapping": "0.3.9"
      },
      "engines": {
        "node": ">=12"
      }
    },
    "node_modules/@ethereumjs/common": {
      "version": "3.2.0",
      "resolved": "https://registry.npmjs.org/@ethereumjs/common/-/common-3.2.0.tgz",
      "integrity": "sha512-pksvzI0VyLgmuEF2FA/JR/4/y6hcPq8OUail3/AvycBaW1d5VSauOZzqGvJ3RTmR4MU35lWE8KseKOsEhrFRBA==",
      "dependencies": {
        "@ethereumjs/util": "^8.1.0",
        "crc-32": "^1.2.0"
      }
    },
    "node_modules/@ethereumjs/rlp": {
      "version": "4.0.1",
      "resolved": "https://registry.npmjs.org/@ethereumjs/rlp/-/rlp-4.0.1.tgz",
      "integrity": "sha512-tqsQiBQDQdmPWE1xkkBq4rlSW5QZpLOUJ5RJh2/9fug+q9tnUhuZoVLk7s0scUIKTOzEtR72DFBXI4WiZcMpvw==",
      "bin": {
        "rlp": "bin/rlp"
      },
      "engines": {
        "node": ">=14"
      }
    },
    "node_modules/@ethereumjs/tx": {
      "version": "4.2.0",
      "resolved": "https://registry.npmjs.org/@ethereumjs/tx/-/tx-4.2.0.tgz",
      "integrity": "sha512-1nc6VO4jtFd172BbSnTnDQVr9IYBFl1y4xPzZdtkrkKIncBCkdbgfdRV+MiTkJYAtTxvV12GRZLqBFT1PNK6Yw==",
      "dependencies": {
        "@ethereumjs/common": "^3.2.0",
        "@ethereumjs/rlp": "^4.0.1",
        "@ethereumjs/util": "^8.1.0",
        "ethereum-cryptography": "^2.0.0"
      },
      "engines": {
        "node": ">=14"
      }
    },
    "node_modules/@ethereumjs/util": {
      "version": "8.1.0",
      "resolved": "https://registry.npmjs.org/@ethereumjs/util/-/util-8.1.0.tgz",
      "integrity": "sha512-zQ0IqbdX8FZ9aw11vP+dZkKDkS+kgIvQPHnSAXzP9pLu+Rfu3D3XEeLbicvoXJTYnhZiPmsZUxgdzXwNKxRPbA==",
      "dependencies": {
        "@ethereumjs/rlp": "^4.0.1",
        "ethereum-cryptography": "^2.0.0",
        "micro-ftch": "^0.3.1"
      },
      "engines": {
        "node": ">=14"
      }
    },
    "node_modules/@jridgewell/resolve-uri": {
      "version": "3.1.2",
      "resolved": "https://registry.npmjs.org/@jridgewell/resolve-uri/-/resolve-uri-3.1.2.tgz",
      "integrity": "sha512-bRISgCIjP20/tbWSPWMEi54QVPRZExkuD9lJL+UIxUKtwVJA8wW1Trb1jMs1RFXo1CBTNZ/5hpC9QvmKWdopKw==",
      "dev": true,
      "engines": {
        "node": ">=6.0.0"
      }
    },
    "node_modules/@jridgewell/sourcemap-codec": {
      "version": "1.4.15",
      "resolved": "https://registry.npmjs.org/@jridgewell/sourcemap-codec/-/sourcemap-codec-1.4.15.tgz",
      "integrity": "sha512-eF2rxCRulEKXHTRiDrDy6erMYWqNw4LPdQ8UQA4huuxaQsVeRPFl2oM8oDGxMFhJUWZf9McpLtJasDDZb/Bpeg==",
      "dev": true
    },
    "node_modules/@jridgewell/trace-mapping": {
      "version": "0.3.9",
      "resolved": "https://registry.npmjs.org/@jridgewell/trace-mapping/-/trace-mapping-0.3.9.tgz",
      "integrity": "sha512-3Belt6tdc8bPgAtbcmdtNJlirVoTmEb5e2gC94PnkwEW9jI6CAHUeoG85tjWP5WquqfavoMtMwiG4P926ZKKuQ==",
      "dev": true,
      "dependencies": {
        "@jridgewell/resolve-uri": "^3.0.3",
        "@jridgewell/sourcemap-codec": "^1.4.10"
      }
    },
    "node_modules/@metamask/abi-utils": {
      "version": "2.0.2",
      "resolved": "https://registry.npmjs.org/@metamask/abi-utils/-/abi-utils-2.0.2.tgz",
      "integrity": "sha512-B/A1dY/w4F/t6cDHUscklO6ovb/ztFsrsTXFd8QlqSByk/vyy+QbPE3VVpmmyI/7RX+PA1AJcvBdzCIz+r9dVQ==",
      "dependencies": {
        "@metamask/utils": "^8.0.0",
        "superstruct": "^1.0.3"
      },
      "engines": {
        "node": ">=16.0.0"
      }
    },
    "node_modules/@metamask/eth-sig-util": {
      "version": "7.0.2",
      "resolved": "https://registry.npmjs.org/@metamask/eth-sig-util/-/eth-sig-util-7.0.2.tgz",
      "integrity": "sha512-DhTDMNEtED0ihIc4Tysm6qUJTvArCdgSTeeJWdo526W/cAk5mrSAvEYYgv8idAiBumDtcPWGimMTaB7MvY64bg==",
      "dependencies": {
        "@ethereumjs/util": "^8.1.0",
        "@metamask/abi-utils": "^2.0.2",
        "@metamask/utils": "^8.1.0",
        "@scure/base": "~1.1.3",
        "ethereum-cryptography": "^2.1.2",
        "tweetnacl": "^1.0.3"
      },
      "engines": {
        "node": "^16.20 || ^18.16 || >=20"
      }
    },
    "node_modules/@metamask/utils": {
      "version": "8.4.0",
      "resolved": "https://registry.npmjs.org/@metamask/utils/-/utils-8.4.0.tgz",
      "integrity": "sha512-dbIc3C7alOe0agCuBHM1h71UaEaEqOk2W8rAtEn8QGz4haH2Qq7MoK6i7v2guzvkJVVh79c+QCzIqphC3KvrJg==",
      "dependencies": {
        "@ethereumjs/tx": "^4.2.0",
        "@noble/hashes": "^1.3.1",
        "@scure/base": "^1.1.3",
        "@types/debug": "^4.1.7",
        "debug": "^4.3.4",
        "pony-cause": "^2.1.10",
        "semver": "^7.5.4",
        "superstruct": "^1.0.3",
        "uuid": "^9.0.1"
      },
      "engines": {
        "node": ">=16.0.0"
      }
    },
    "node_modules/@noble/curves": {
      "version": "1.3.0",
      "resolved": "https://registry.npmjs.org/@noble/curves/-/curves-1.3.0.tgz",
      "integrity": "sha512-t01iSXPuN+Eqzb4eBX0S5oubSqXbK/xXa1Ne18Hj8f9pStxztHCE2gfboSp/dZRLSqfuLpRK2nDXDK+W9puocA==",
      "dependencies": {
        "@noble/hashes": "1.3.3"
      },
      "funding": {
        "url": "https://paulmillr.com/funding/"
      }
    },
    "node_modules/@noble/curves/node_modules/@noble/hashes": {
      "version": "1.3.3",
      "resolved": "https://registry.npmjs.org/@noble/hashes/-/hashes-1.3.3.tgz",
      "integrity": "sha512-V7/fPHgl+jsVPXqqeOzT8egNj2iBIVt+ECeMMG8TdcnTikP3oaBtUVqpT/gYCR68aEBJSF+XbYUxStjbFMqIIA==",
      "engines": {
        "node": ">= 16"
      },
      "funding": {
        "url": "https://paulmillr.com/funding/"
      }
    },
    "node_modules/@noble/hashes": {
      "version": "1.4.0",
      "resolved": "https://registry.npmjs.org/@noble/hashes/-/hashes-1.4.0.tgz",
      "integrity": "sha512-V1JJ1WTRUqHHrOSh597hURcMqVKVGL/ea3kv0gSnEdsEZ0/+VyPghM1lMNGc00z7CIQorSvbKpuJkxvuHbvdbg==",
      "engines": {
        "node": ">= 16"
      },
      "funding": {
        "url": "https://paulmillr.com/funding/"
      }
    },
    "node_modules/@scure/base": {
      "version": "1.1.6",
      "resolved": "https://registry.npmjs.org/@scure/base/-/base-1.1.6.tgz",
      "integrity": "sha512-ok9AWwhcgYuGG3Zfhyqg+zwl+Wn5uE+dwC0NV/2qQkx4dABbb/bx96vWu8NSj+BNjjSjno+JRYRjle1jV08k3g==",
      "funding": {
        "url": "https://paulmillr.com/funding/"
      }
    },
    "node_modules/@scure/bip32": {
      "version": "1.3.3",
      "resolved": "https://registry.npmjs.org/@scure/bip32/-/bip32-1.3.3.tgz",
      "integrity": "sha512-LJaN3HwRbfQK0X1xFSi0Q9amqOgzQnnDngIt+ZlsBC3Bm7/nE7K0kwshZHyaru79yIVRv/e1mQAjZyuZG6jOFQ==",
      "dependencies": {
        "@noble/curves": "~1.3.0",
        "@noble/hashes": "~1.3.2",
        "@scure/base": "~1.1.4"
      },
      "funding": {
        "url": "https://paulmillr.com/funding/"
      }
    },
    "node_modules/@scure/bip32/node_modules/@noble/hashes": {
      "version": "1.3.3",
      "resolved": "https://registry.npmjs.org/@noble/hashes/-/hashes-1.3.3.tgz",
      "integrity": "sha512-V7/fPHgl+jsVPXqqeOzT8egNj2iBIVt+ECeMMG8TdcnTikP3oaBtUVqpT/gYCR68aEBJSF+XbYUxStjbFMqIIA==",
      "engines": {
        "node": ">= 16"
      },
      "funding": {
        "url": "https://paulmillr.com/funding/"
      }
    },
    "node_modules/@scure/bip39": {
      "version": "1.2.2",
      "resolved": "https://registry.npmjs.org/@scure/bip39/-/bip39-1.2.2.tgz",
      "integrity": "sha512-HYf9TUXG80beW+hGAt3TRM8wU6pQoYur9iNypTROm42dorCGmLnFe3eWjz3gOq6G62H2WRh0FCzAR1PI+29zIA==",
      "dependencies": {
        "@noble/hashes": "~1.3.2",
        "@scure/base": "~1.1.4"
      },
      "funding": {
        "url": "https://paulmillr.com/funding/"
      }
    },
    "node_modules/@scure/bip39/node_modules/@noble/hashes": {
      "version": "1.3.3",
      "resolved": "https://registry.npmjs.org/@noble/hashes/-/hashes-1.3.3.tgz",
      "integrity": "sha512-V7/fPHgl+jsVPXqqeOzT8egNj2iBIVt+ECeMMG8TdcnTikP3oaBtUVqpT/gYCR68aEBJSF+XbYUxStjbFMqIIA==",
      "engines": {
        "node": ">= 16"
      },
      "funding": {
        "url": "https://paulmillr.com/funding/"
      }
    },
    "node_modules/@tsconfig/node10": {
      "version": "1.0.11",
      "resolved": "https://registry.npmjs.org/@tsconfig/node10/-/node10-1.0.11.tgz",
      "integrity": "sha512-DcRjDCujK/kCk/cUe8Xz8ZSpm8mS3mNNpta+jGCA6USEDfktlNvm1+IuZ9eTcDbNk41BHwpHHeW+N1lKCz4zOw==",
      "dev": true
    },
    "node_modules/@tsconfig/node12": {
      "version": "1.0.11",
      "resolved": "https://registry.npmjs.org/@tsconfig/node12/-/node12-1.0.11.tgz",
      "integrity": "sha512-cqefuRsh12pWyGsIoBKJA9luFu3mRxCA+ORZvA4ktLSzIuCUtWVxGIuXigEwO5/ywWFMZ2QEGKWvkZG1zDMTag==",
      "dev": true
    },
    "node_modules/@tsconfig/node14": {
      "version": "1.0.3",
      "resolved": "https://registry.npmjs.org/@tsconfig/node14/-/node14-1.0.3.tgz",
      "integrity": "sha512-ysT8mhdixWK6Hw3i1V2AeRqZ5WfXg1G43mqoYlM2nc6388Fq5jcXyr5mRsqViLx/GJYdoL0bfXD8nmF+Zn/Iow==",
      "dev": true
    },
    "node_modules/@tsconfig/node16": {
      "version": "1.0.4",
      "resolved": "https://registry.npmjs.org/@tsconfig/node16/-/node16-1.0.4.tgz",
      "integrity": "sha512-vxhUy4J8lyeyinH7Azl1pdd43GJhZH/tP2weN8TntQblOY+A0XbT8DJk1/oCPuOOyg/Ja757rG0CgHcWC8OfMA==",
      "dev": true
    },
    "node_modules/@types/debug": {
      "version": "4.1.12",
      "resolved": "https://registry.npmjs.org/@types/debug/-/debug-4.1.12.tgz",
      "integrity": "sha512-vIChWdVG3LG1SMxEvI/AK+FWJthlrqlTu7fbrlywTkkaONwk/UAGaULXRlf8vkzFBLVm0zkMdCquhL5aOjhXPQ==",
      "dependencies": {
        "@types/ms": "*"
      }
    },
    "node_modules/@types/ms": {
      "version": "0.7.34",
      "resolved": "https://registry.npmjs.org/@types/ms/-/ms-0.7.34.tgz",
      "integrity": "sha512-nG96G3Wp6acyAgJqGasjODb+acrI7KltPiRxzHPXnP3NgI28bpQDRv53olbqGXbfcgF5aiiHmO3xpwEpS5Ld9g=="
    },
    "node_modules/@types/node": {
      "version": "20.12.12",
      "resolved": "https://registry.npmjs.org/@types/node/-/node-20.12.12.tgz",
      "integrity": "sha512-eWLDGF/FOSPtAvEqeRAQ4C8LSA7M1I7i0ky1I8U7kD1J5ITyW3AsRhQrKVoWf5pFKZ2kILsEGJhsI9r93PYnOw==",
      "dev": true,
      "dependencies": {
        "undici-types": "~5.26.4"
      }
    },
    "node_modules/@types/prompts": {
      "version": "2.4.9",
      "resolved": "https://registry.npmjs.org/@types/prompts/-/prompts-2.4.9.tgz",
      "integrity": "sha512-qTxFi6Buiu8+50/+3DGIWLHM6QuWsEKugJnnP6iv2Mc4ncxE4A/OJkjuVOA+5X0X1S/nq5VJRa8Lu+nwcvbrKA==",
      "dev": true,
      "dependencies": {
        "@types/node": "*",
        "kleur": "^3.0.3"
      }
    },
    "node_modules/acorn": {
      "version": "8.11.3",
      "resolved": "https://registry.npmjs.org/acorn/-/acorn-8.11.3.tgz",
      "integrity": "sha512-Y9rRfJG5jcKOE0CLisYbojUjIrIEE7AGMzA/Sm4BslANhbS+cDMpgBdcPT91oJ7OuJ9hYJBx59RjbhxVnrF8Xg==",
      "dev": true,
      "bin": {
        "acorn": "bin/acorn"
      },
      "engines": {
        "node": ">=0.4.0"
      }
    },
    "node_modules/acorn-walk": {
      "version": "8.3.2",
      "resolved": "https://registry.npmjs.org/acorn-walk/-/acorn-walk-8.3.2.tgz",
      "integrity": "sha512-cjkyv4OtNCIeqhHrfS81QWXoCBPExR/J62oyEqepVw8WaQeSqpW2uhuLPh1m9eWhDuOo/jUXVTlifvesOWp/4A==",
      "dev": true,
      "engines": {
        "node": ">=0.4.0"
      }
    },
    "node_modules/aes-js": {
      "version": "4.0.0-beta.5",
      "resolved": "https://registry.npmjs.org/aes-js/-/aes-js-4.0.0-beta.5.tgz",
      "integrity": "sha512-G965FqalsNyrPqgEGON7nIx1e/OVENSgiEIzyC63haUMuvNnwIgIjMs52hlTCKhkBny7A2ORNlfY9Zu+jmGk1Q=="
    },
    "node_modules/arg": {
      "version": "4.1.3",
      "resolved": "https://registry.npmjs.org/arg/-/arg-4.1.3.tgz",
      "integrity": "sha512-58S9QDqG0Xx27YwPSt9fJxivjYl432YCwfDMfZ+71RAqUrZef7LrKQZ3LHLOwCS4FLNBplP533Zx895SeOCHvA==",
      "dev": true
    },
    "node_modules/crc-32": {
      "version": "1.2.2",
      "resolved": "https://registry.npmjs.org/crc-32/-/crc-32-1.2.2.tgz",
      "integrity": "sha512-ROmzCKrTnOwybPcJApAA6WBWij23HVfGVNKqqrZpuyZOHqK2CwHSvpGuyt/UNNvaIjEd8X5IFGp4Mh+Ie1IHJQ==",
      "bin": {
        "crc32": "bin/crc32.njs"
      },
      "engines": {
        "node": ">=0.8"
      }
    },
    "node_modules/create-require": {
      "version": "1.1.1",
      "resolved": "https://registry.npmjs.org/create-require/-/create-require-1.1.1.tgz",
      "integrity": "sha512-dcKFX3jn0MpIaXjisoRvexIJVEKzaq7z2rZKxf+MSr9TkdmHmsU4m2lcLojrj/FHl8mk5VxMmYA+ftRkP/3oKQ==",
      "dev": true
    },
    "node_modules/debug": {
      "version": "4.3.4",
      "resolved": "https://registry.npmjs.org/debug/-/debug-4.3.4.tgz",
      "integrity": "sha512-PRWFHuSU3eDtQJPvnNY7Jcket1j0t5OuOsFzPPzsekD52Zl8qUfFIPEiswXqIvHWGVHOgX+7G/vCNNhehwxfkQ==",
      "dependencies": {
        "ms": "2.1.2"
      },
      "engines": {
        "node": ">=6.0"
      },
      "peerDependenciesMeta": {
        "supports-color": {
          "optional": true
        }
      }
    },
    "node_modules/diff": {
      "version": "4.0.2",
      "resolved": "https://registry.npmjs.org/diff/-/diff-4.0.2.tgz",
      "integrity": "sha512-58lmxKSA4BNyLz+HHMUzlOEpg09FV+ev6ZMe3vJihgdxzgcwZ8VoEEPmALCZG9LmqfVoNMMKpttIYTVG6uDY7A==",
      "dev": true,
      "engines": {
        "node": ">=0.3.1"
      }
    },
    "node_modules/ethereum-cryptography": {
      "version": "2.1.3",
      "resolved": "https://registry.npmjs.org/ethereum-cryptography/-/ethereum-cryptography-2.1.3.tgz",
      "integrity": "sha512-BlwbIL7/P45W8FGW2r7LGuvoEZ+7PWsniMvQ4p5s2xCyw9tmaDlpfsN9HjAucbF+t/qpVHwZUisgfK24TCW8aA==",
      "dependencies": {
        "@noble/curves": "1.3.0",
        "@noble/hashes": "1.3.3",
        "@scure/bip32": "1.3.3",
        "@scure/bip39": "1.2.2"
      }
    },
    "node_modules/ethereum-cryptography/node_modules/@noble/hashes": {
      "version": "1.3.3",
      "resolved": "https://registry.npmjs.org/@noble/hashes/-/hashes-1.3.3.tgz",
      "integrity": "sha512-V7/fPHgl+jsVPXqqeOzT8egNj2iBIVt+ECeMMG8TdcnTikP3oaBtUVqpT/gYCR68aEBJSF+XbYUxStjbFMqIIA==",
      "engines": {
        "node": ">= 16"
      },
      "funding": {
        "url": "https://paulmillr.com/funding/"
      }
    },
    "node_modules/ethers": {
      "version": "6.13.2",
      "resolved": "https://registry.npmjs.org/ethers/-/ethers-6.13.2.tgz",
      "integrity": "sha512-9VkriTTed+/27BGuY1s0hf441kqwHJ1wtN2edksEtiRvXx+soxRX3iSXTfFqq2+YwrOqbDoTHjIhQnjJRlzKmg==",
      "funding": [
        {
          "type": "individual",
          "url": "https://github.com/sponsors/ethers-io/"
        },
        {
          "type": "individual",
          "url": "https://www.buymeacoffee.com/ricmoo"
        }
      ],
      "dependencies": {
        "@adraffy/ens-normalize": "1.10.1",
        "@noble/curves": "1.2.0",
        "@noble/hashes": "1.3.2",
        "@types/node": "18.15.13",
        "aes-js": "4.0.0-beta.5",
        "tslib": "2.4.0",
        "ws": "8.17.1"
      },
      "engines": {
        "node": ">=14.0.0"
      }
    },
    "node_modules/ethers/node_modules/@noble/curves": {
      "version": "1.2.0",
      "resolved": "https://registry.npmjs.org/@noble/curves/-/curves-1.2.0.tgz",
      "integrity": "sha512-oYclrNgRaM9SsBUBVbb8M6DTV7ZHRTKugureoYEncY5c65HOmRzvSiTE3y5CYaPYJA/GVkrhXEoF0M3Ya9PMnw==",
      "dependencies": {
        "@noble/hashes": "1.3.2"
      },
      "funding": {
        "url": "https://paulmillr.com/funding/"
      }
    },
    "node_modules/ethers/node_modules/@noble/hashes": {
      "version": "1.3.2",
      "resolved": "https://registry.npmjs.org/@noble/hashes/-/hashes-1.3.2.tgz",
      "integrity": "sha512-MVC8EAQp7MvEcm30KWENFjgR+Mkmf+D189XJTkFIlwohU5hcBbn1ZkKq7KVTi2Hme3PMGF390DaL52beVrIihQ==",
      "engines": {
        "node": ">= 16"
      },
      "funding": {
        "url": "https://paulmillr.com/funding/"
      }
    },
    "node_modules/ethers/node_modules/@types/node": {
      "version": "18.15.13",
      "resolved": "https://registry.npmjs.org/@types/node/-/node-18.15.13.tgz",
      "integrity": "sha512-N+0kuo9KgrUQ1Sn/ifDXsvg0TTleP7rIy4zOBGECxAljqvqfqpTfzx0Q1NUedOixRMBfe2Whhb056a42cWs26Q=="
    },
    "node_modules/ethers/node_modules/ws": {
      "version": "8.17.1",
      "resolved": "https://registry.npmjs.org/ws/-/ws-8.17.1.tgz",
      "integrity": "sha512-6XQFvXTkbfUOZOKKILFG1PDK2NDQs4azKQl26T0YS5CxqWLgXajbPZ+h4gZekJyRqFU8pvnbAbbs/3TgRPy+GQ==",
      "engines": {
        "node": ">=10.0.0"
      },
      "peerDependencies": {
        "bufferutil": "^4.0.1",
        "utf-8-validate": ">=5.0.2"
      },
      "peerDependenciesMeta": {
        "bufferutil": {
          "optional": true
        },
        "utf-8-validate": {
          "optional": true
        }
      }
    },
    "node_modules/kleur": {
      "version": "3.0.3",
      "resolved": "https://registry.npmjs.org/kleur/-/kleur-3.0.3.tgz",
      "integrity": "sha512-eTIzlVOSUR+JxdDFepEYcBMtZ9Qqdef+rnzWdRZuMbOywu5tO2w2N7rqjoANZ5k9vywhL6Br1VRjUIgTQx4E8w==",
      "engines": {
        "node": ">=6"
      }
    },
    "node_modules/make-error": {
      "version": "1.3.6",
      "resolved": "https://registry.npmjs.org/make-error/-/make-error-1.3.6.tgz",
      "integrity": "sha512-s8UhlNe7vPKomQhC1qFelMokr/Sc3AgNbso3n74mVPA5LTZwkB9NlXf4XPamLxJE8h0gh73rM94xvwRT2CVInw==",
      "dev": true
    },
    "node_modules/micro-ftch": {
      "version": "0.3.1",
      "resolved": "https://registry.npmjs.org/micro-ftch/-/micro-ftch-0.3.1.tgz",
      "integrity": "sha512-/0LLxhzP0tfiR5hcQebtudP56gUurs2CLkGarnCiB/OqEyUFQ6U3paQi/tgLv0hBJYt2rnr9MNpxz4fiiugstg=="
    },
    "node_modules/ms": {
      "version": "2.1.2",
      "resolved": "https://registry.npmjs.org/ms/-/ms-2.1.2.tgz",
      "integrity": "sha512-sGkPx+VjMtmA6MX27oA4FBFELFCZZ4S4XqeGOXCv68tT+jb3vk/RyaKWP0PTKyWtmLSM0b+adUTEvbs1PEaH2w=="
    },
    "node_modules/pony-cause": {
      "version": "2.1.11",
      "resolved": "https://registry.npmjs.org/pony-cause/-/pony-cause-2.1.11.tgz",
      "integrity": "sha512-M7LhCsdNbNgiLYiP4WjsfLUuFmCfnjdF6jKe2R9NKl4WFN+HZPGHJZ9lnLP7f9ZnKe3U9nuWD0szirmj+migUg==",
      "engines": {
        "node": ">=12.0.0"
      }
    },
    "node_modules/prompts": {
      "version": "2.4.2",
      "resolved": "https://registry.npmjs.org/prompts/-/prompts-2.4.2.tgz",
      "integrity": "sha512-NxNv/kLguCA7p3jE8oL2aEBsrJWgAakBpgmgK6lpPWV+WuOmY6r2/zbAVnP+T8bQlA0nzHXSJSJW0Hq7ylaD2Q==",
      "dependencies": {
        "kleur": "^3.0.3",
        "sisteransi": "^1.0.5"
      },
      "engines": {
        "node": ">= 6"
      }
    },
    "node_modules/semver": {
      "version": "7.6.2",
      "resolved": "https://registry.npmjs.org/semver/-/semver-7.6.2.tgz",
      "integrity": "sha512-FNAIBWCx9qcRhoHcgcJ0gvU7SN1lYU2ZXuSfl04bSC5OpvDHFyJCjdNHomPXxjQlCBU67YW64PzY7/VIEH7F2w==",
      "bin": {
        "semver": "bin/semver.js"
      },
      "engines": {
        "node": ">=10"
      }
    },
    "node_modules/sisteransi": {
      "version": "1.0.5",
      "resolved": "https://registry.npmjs.org/sisteransi/-/sisteransi-1.0.5.tgz",
      "integrity": "sha512-bLGGlR1QxBcynn2d5YmDX4MGjlZvy2MRBDRNHLJ8VI6l6+9FUiyTFNJ0IveOSP0bcXgVDPRcfGqA0pjaqUpfVg=="
    },
    "node_modules/superstruct": {
      "version": "1.0.4",
      "resolved": "https://registry.npmjs.org/superstruct/-/superstruct-1.0.4.tgz",
      "integrity": "sha512-7JpaAoX2NGyoFlI9NBh66BQXGONc+uE+MRS5i2iOBKuS4e+ccgMDjATgZldkah+33DakBxDHiss9kvUcGAO8UQ==",
      "engines": {
        "node": ">=14.0.0"
      }
    },
    "node_modules/ts-node": {
      "version": "10.9.2",
      "resolved": "https://registry.npmjs.org/ts-node/-/ts-node-10.9.2.tgz",
      "integrity": "sha512-f0FFpIdcHgn8zcPSbf1dRevwt047YMnaiJM3u2w2RewrB+fob/zePZcrOyQoLMMO7aBIddLcQIEK5dYjkLnGrQ==",
      "dev": true,
      "dependencies": {
        "@cspotcode/source-map-support": "^0.8.0",
        "@tsconfig/node10": "^1.0.7",
        "@tsconfig/node12": "^1.0.7",
        "@tsconfig/node14": "^1.0.0",
        "@tsconfig/node16": "^1.0.2",
        "acorn": "^8.4.1",
        "acorn-walk": "^8.1.1",
        "arg": "^4.1.0",
        "create-require": "^1.1.0",
        "diff": "^4.0.1",
        "make-error": "^1.1.1",
        "v8-compile-cache-lib": "^3.0.1",
        "yn": "3.1.1"
      },
      "bin": {
        "ts-node": "dist/bin.js",
        "ts-node-cwd": "dist/bin-cwd.js",
        "ts-node-esm": "dist/bin-esm.js",
        "ts-node-script": "dist/bin-script.js",
        "ts-node-transpile-only": "dist/bin-transpile.js",
        "ts-script": "dist/bin-script-deprecated.js"
      },
      "peerDependencies": {
        "@swc/core": ">=1.2.50",
        "@swc/wasm": ">=1.2.50",
        "@types/node": "*",
        "typescript": ">=2.7"
      },
      "peerDependenciesMeta": {
        "@swc/core": {
          "optional": true
        },
        "@swc/wasm": {
          "optional": true
        }
      }
    },
    "node_modules/tslib": {
      "version": "2.4.0",
      "resolved": "https://registry.npmjs.org/tslib/-/tslib-2.4.0.tgz",
      "integrity": "sha512-d6xOpEDfsi2CZVlPQzGeux8XMwLT9hssAsaPYExaQMuYskwb+x1x7J371tWlbBdWHroy99KnVB6qIkUbs5X3UQ=="
    },
    "node_modules/tweetnacl": {
      "version": "1.0.3",
      "resolved": "https://registry.npmjs.org/tweetnacl/-/tweetnacl-1.0.3.tgz",
      "integrity": "sha512-6rt+RN7aOi1nGMyC4Xa5DdYiukl2UWCbcJft7YhxReBGQD7OAM8Pbxw6YMo4r2diNEA8FEmu32YOn9rhaiE5yw=="
    },
    "node_modules/typescript": {
      "version": "5.4.5",
      "resolved": "https://registry.npmjs.org/typescript/-/typescript-5.4.5.tgz",
      "integrity": "sha512-vcI4UpRgg81oIRUFwR0WSIHKt11nJ7SAVlYNIu+QpqeyXP+gpQJy/Z4+F0aGxSE4MqwjyXvW/TzgkLAx2AGHwQ==",
      "dev": true,
      "bin": {
        "tsc": "bin/tsc",
        "tsserver": "bin/tsserver"
      },
      "engines": {
        "node": ">=14.17"
      }
    },
    "node_modules/undici-types": {
      "version": "5.26.5",
      "resolved": "https://registry.npmjs.org/undici-types/-/undici-types-5.26.5.tgz",
      "integrity": "sha512-JlCMO+ehdEIKqlFxk6IfVoAUVmgz7cU7zD/h9XZ0qzeosSHmUJVOzSQvvYSYWXkFXC+IfLKSIffhv0sVZup6pA==",
      "dev": true
    },
    "node_modules/uuid": {
      "version": "9.0.1",
      "resolved": "https://registry.npmjs.org/uuid/-/uuid-9.0.1.tgz",
      "integrity": "sha512-b+1eJOlsR9K8HJpow9Ok3fiWOWSIcIzXodvv0rQjVoOVNpWMpxf1wZNpt4y9h10odCNrqnYp1OBzRktckBe3sA==",
      "funding": [
        "https://github.com/sponsors/broofa",
        "https://github.com/sponsors/ctavan"
      ],
      "bin": {
        "uuid": "dist/bin/uuid"
      }
    },
    "node_modules/v8-compile-cache-lib": {
      "version": "3.0.1",
      "resolved": "https://registry.npmjs.org/v8-compile-cache-lib/-/v8-compile-cache-lib-3.0.1.tgz",
      "integrity": "sha512-wa7YjyUGfNZngI/vtK0UHAN+lgDCxBPCylVXGp0zu59Fz5aiGtNXaq3DhIov063MorB+VfufLh3JlF2KdTK3xg==",
      "dev": true
    },
    "node_modules/yn": {
      "version": "3.1.1",
      "resolved": "https://registry.npmjs.org/yn/-/yn-3.1.1.tgz",
      "integrity": "sha512-Ux4ygGWsu2c7isFWe8Yu1YluJmqVhxqK2cLXNQA5AcC3QfbGNpM7fu0Y8b/z16pXLnFxZYvWhd3fhBY9DLmC6Q==",
      "dev": true,
      "engines": {
        "node": ">=6"
      }
    }
  },
  "dependencies": {
    "@adraffy/ens-normalize": {
      "version": "1.10.1",
      "resolved": "https://registry.npmjs.org/@adraffy/ens-normalize/-/ens-normalize-1.10.1.tgz",
      "integrity": "sha512-96Z2IP3mYmF1Xg2cDm8f1gWGf/HUVedQ3FMifV4kG/PQ4yEP51xDtRAEfhVNt5f/uzpNkZHwWQuUcu6D6K+Ekw=="
    },
    "@cspotcode/source-map-support": {
      "version": "0.8.1",
      "resolved": "https://registry.npmjs.org/@cspotcode/source-map-support/-/source-map-support-0.8.1.tgz",
      "integrity": "sha512-IchNf6dN4tHoMFIn/7OE8LWZ19Y6q/67Bmf6vnGREv8RSbBVb9LPJxEcnwrcwX6ixSvaiGoomAUvu4YSxXrVgw==",
      "dev": true,
      "requires": {
        "@jridgewell/trace-mapping": "0.3.9"
      }
    },
    "@ethereumjs/common": {
      "version": "3.2.0",
      "resolved": "https://registry.npmjs.org/@ethereumjs/common/-/common-3.2.0.tgz",
      "integrity": "sha512-pksvzI0VyLgmuEF2FA/JR/4/y6hcPq8OUail3/AvycBaW1d5VSauOZzqGvJ3RTmR4MU35lWE8KseKOsEhrFRBA==",
      "requires": {
        "@ethereumjs/util": "^8.1.0",
        "crc-32": "^1.2.0"
      }
    },
    "@ethereumjs/rlp": {
      "version": "4.0.1",
      "resolved": "https://registry.npmjs.org/@ethereumjs/rlp/-/rlp-4.0.1.tgz",
      "integrity": "sha512-tqsQiBQDQdmPWE1xkkBq4rlSW5QZpLOUJ5RJh2/9fug+q9tnUhuZoVLk7s0scUIKTOzEtR72DFBXI4WiZcMpvw=="
    },
    "@ethereumjs/tx": {
      "version": "4.2.0",
      "resolved": "https://registry.npmjs.org/@ethereumjs/tx/-/tx-4.2.0.tgz",
      "integrity": "sha512-1nc6VO4jtFd172BbSnTnDQVr9IYBFl1y4xPzZdtkrkKIncBCkdbgfdRV+MiTkJYAtTxvV12GRZLqBFT1PNK6Yw==",
      "requires": {
        "@ethereumjs/common": "^3.2.0",
        "@ethereumjs/rlp": "^4.0.1",
        "@ethereumjs/util": "^8.1.0",
        "ethereum-cryptography": "^2.0.0"
      }
    },
    "@ethereumjs/util": {
      "version": "8.1.0",
      "resolved": "https://registry.npmjs.org/@ethereumjs/util/-/util-8.1.0.tgz",
      "integrity": "sha512-zQ0IqbdX8FZ9aw11vP+dZkKDkS+kgIvQPHnSAXzP9pLu+Rfu3D3XEeLbicvoXJTYnhZiPmsZUxgdzXwNKxRPbA==",
      "requires": {
        "@ethereumjs/rlp": "^4.0.1",
        "ethereum-cryptography": "^2.0.0",
        "micro-ftch": "^0.3.1"
      }
    },
    "@jridgewell/resolve-uri": {
      "version": "3.1.2",
      "resolved": "https://registry.npmjs.org/@jridgewell/resolve-uri/-/resolve-uri-3.1.2.tgz",
      "integrity": "sha512-bRISgCIjP20/tbWSPWMEi54QVPRZExkuD9lJL+UIxUKtwVJA8wW1Trb1jMs1RFXo1CBTNZ/5hpC9QvmKWdopKw==",
      "dev": true
    },
    "@jridgewell/sourcemap-codec": {
      "version": "1.4.15",
      "resolved": "https://registry.npmjs.org/@jridgewell/sourcemap-codec/-/sourcemap-codec-1.4.15.tgz",
      "integrity": "sha512-eF2rxCRulEKXHTRiDrDy6erMYWqNw4LPdQ8UQA4huuxaQsVeRPFl2oM8oDGxMFhJUWZf9McpLtJasDDZb/Bpeg==",
      "dev": true
    },
    "@jridgewell/trace-mapping": {
      "version": "0.3.9",
      "resolved": "https://registry.npmjs.org/@jridgewell/trace-mapping/-/trace-mapping-0.3.9.tgz",
      "integrity": "sha512-3Belt6tdc8bPgAtbcmdtNJlirVoTmEb5e2gC94PnkwEW9jI6CAHUeoG85tjWP5WquqfavoMtMwiG4P926ZKKuQ==",
      "dev": true,
      "requires": {
        "@jridgewell/resolve-uri": "^3.0.3",
        "@jridgewell/sourcemap-codec": "^1.4.10"
      }
    },
    "@metamask/abi-utils": {
      "version": "2.0.2",
      "resolved": "https://registry.npmjs.org/@metamask/abi-utils/-/abi-utils-2.0.2.tgz",
      "integrity": "sha512-B/A1dY/w4F/t6cDHUscklO6ovb/ztFsrsTXFd8QlqSByk/vyy+QbPE3VVpmmyI/7RX+PA1AJcvBdzCIz+r9dVQ==",
      "requires": {
        "@metamask/utils": "^8.0.0",
        "superstruct": "^1.0.3"
      }
    },
    "@metamask/eth-sig-util": {
      "version": "7.0.2",
      "resolved": "https://registry.npmjs.org/@metamask/eth-sig-util/-/eth-sig-util-7.0.2.tgz",
      "integrity": "sha512-DhTDMNEtED0ihIc4Tysm6qUJTvArCdgSTeeJWdo526W/cAk5mrSAvEYYgv8idAiBumDtcPWGimMTaB7MvY64bg==",
      "requires": {
        "@ethereumjs/util": "^8.1.0",
        "@metamask/abi-utils": "^2.0.2",
        "@metamask/utils": "^8.1.0",
        "@scure/base": "~1.1.3",
        "ethereum-cryptography": "^2.1.2",
        "tweetnacl": "^1.0.3"
      }
    },
    "@metamask/utils": {
      "version": "8.4.0",
      "resolved": "https://registry.npmjs.org/@metamask/utils/-/utils-8.4.0.tgz",
      "integrity": "sha512-dbIc3C7alOe0agCuBHM1h71UaEaEqOk2W8rAtEn8QGz4haH2Qq7MoK6i7v2guzvkJVVh79c+QCzIqphC3KvrJg==",
      "requires": {
        "@ethereumjs/tx": "^4.2.0",
        "@noble/hashes": "^1.3.1",
        "@scure/base": "^1.1.3",
        "@types/debug": "^4.1.7",
        "debug": "^4.3.4",
        "pony-cause": "^2.1.10",
        "semver": "^7.5.4",
        "superstruct": "^1.0.3",
        "uuid": "^9.0.1"
      }
    },
    "@noble/curves": {
      "version": "1.3.0",
      "resolved": "https://registry.npmjs.org/@noble/curves/-/curves-1.3.0.tgz",
      "integrity": "sha512-t01iSXPuN+Eqzb4eBX0S5oubSqXbK/xXa1Ne18Hj8f9pStxztHCE2gfboSp/dZRLSqfuLpRK2nDXDK+W9puocA==",
      "requires": {
        "@noble/hashes": "1.3.3"
      },
      "dependencies": {
        "@noble/hashes": {
          "version": "1.3.3",
          "resolved": "https://registry.npmjs.org/@noble/hashes/-/hashes-1.3.3.tgz",
          "integrity": "sha512-V7/fPHgl+jsVPXqqeOzT8egNj2iBIVt+ECeMMG8TdcnTikP3oaBtUVqpT/gYCR68aEBJSF+XbYUxStjbFMqIIA=="
        }
      }
    },
    "@noble/hashes": {
      "version": "1.4.0",
      "resolved": "https://registry.npmjs.org/@noble/hashes/-/hashes-1.4.0.tgz",
      "integrity": "sha512-V1JJ1WTRUqHHrOSh597hURcMqVKVGL/ea3kv0gSnEdsEZ0/+VyPghM1lMNGc00z7CIQorSvbKpuJkxvuHbvdbg=="
    },
    "@scure/base": {
      "version": "1.1.6",
      "resolved": "https://registry.npmjs.org/@scure/base/-/base-1.1.6.tgz",
      "integrity": "sha512-ok9AWwhcgYuGG3Zfhyqg+zwl+Wn5uE+dwC0NV/2qQkx4dABbb/bx96vWu8NSj+BNjjSjno+JRYRjle1jV08k3g=="
    },
    "@scure/bip32": {
      "version": "1.3.3",
      "resolved": "https://registry.npmjs.org/@scure/bip32/-/bip32-1.3.3.tgz",
      "integrity": "sha512-LJaN3HwRbfQK0X1xFSi0Q9amqOgzQnnDngIt+ZlsBC3Bm7/nE7K0kwshZHyaru79yIVRv/e1mQAjZyuZG6jOFQ==",
      "requires": {
        "@noble/curves": "~1.3.0",
        "@noble/hashes": "~1.3.2",
        "@scure/base": "~1.1.4"
      },
      "dependencies": {
        "@noble/hashes": {
          "version": "1.3.3",
          "resolved": "https://registry.npmjs.org/@noble/hashes/-/hashes-1.3.3.tgz",
          "integrity": "sha512-V7/fPHgl+jsVPXqqeOzT8egNj2iBIVt+ECeMMG8TdcnTikP3oaBtUVqpT/gYCR68aEBJSF+XbYUxStjbFMqIIA=="
        }
      }
    },
    "@scure/bip39": {
      "version": "1.2.2",
      "resolved": "https://registry.npmjs.org/@scure/bip39/-/bip39-1.2.2.tgz",
      "integrity": "sha512-HYf9TUXG80beW+hGAt3TRM8wU6pQoYur9iNypTROm42dorCGmLnFe3eWjz3gOq6G62H2WRh0FCzAR1PI+29zIA==",
      "requires": {
        "@noble/hashes": "~1.3.2",
        "@scure/base": "~1.1.4"
      },
      "dependencies": {
        "@noble/hashes": {
          "version": "1.3.3",
          "resolved": "https://registry.npmjs.org/@noble/hashes/-/hashes-1.3.3.tgz",
          "integrity": "sha512-V7/fPHgl+jsVPXqqeOzT8egNj2iBIVt+ECeMMG8TdcnTikP3oaBtUVqpT/gYCR68aEBJSF+XbYUxStjbFMqIIA=="
        }
      }
    },
    "@tsconfig/node10": {
      "version": "1.0.11",
      "resolved": "https://registry.npmjs.org/@tsconfig/node10/-/node10-1.0.11.tgz",
      "integrity": "sha512-DcRjDCujK/kCk/cUe8Xz8ZSpm8mS3mNNpta+jGCA6USEDfktlNvm1+IuZ9eTcDbNk41BHwpHHeW+N1lKCz4zOw==",
      "dev": true
    },
    "@tsconfig/node12": {
      "version": "1.0.11",
      "resolved": "https://registry.npmjs.org/@tsconfig/node12/-/node12-1.0.11.tgz",
      "integrity": "sha512-cqefuRsh12pWyGsIoBKJA9luFu3mRxCA+ORZvA4ktLSzIuCUtWVxGIuXigEwO5/ywWFMZ2QEGKWvkZG1zDMTag==",
      "dev": true
    },
    "@tsconfig/node14": {
      "version": "1.0.3",
      "resolved": "https://registry.npmjs.org/@tsconfig/node14/-/node14-1.0.3.tgz",
      "integrity": "sha512-ysT8mhdixWK6Hw3i1V2AeRqZ5WfXg1G43mqoYlM2nc6388Fq5jcXyr5mRsqViLx/GJYdoL0bfXD8nmF+Zn/Iow==",
      "dev": true
    },
    "@tsconfig/node16": {
      "version": "1.0.4",
      "resolved": "https://registry.npmjs.org/@tsconfig/node16/-/node16-1.0.4.tgz",
      "integrity": "sha512-vxhUy4J8lyeyinH7Azl1pdd43GJhZH/tP2weN8TntQblOY+A0XbT8DJk1/oCPuOOyg/Ja757rG0CgHcWC8OfMA==",
      "dev": true
    },
    "@types/debug": {
      "version": "4.1.12",
      "resolved": "https://registry.npmjs.org/@types/debug/-/debug-4.1.12.tgz",
      "integrity": "sha512-vIChWdVG3LG1SMxEvI/AK+FWJthlrqlTu7fbrlywTkkaONwk/UAGaULXRlf8vkzFBLVm0zkMdCquhL5aOjhXPQ==",
      "requires": {
        "@types/ms": "*"
      }
    },
    "@types/ms": {
      "version": "0.7.34",
      "resolved": "https://registry.npmjs.org/@types/ms/-/ms-0.7.34.tgz",
      "integrity": "sha512-nG96G3Wp6acyAgJqGasjODb+acrI7KltPiRxzHPXnP3NgI28bpQDRv53olbqGXbfcgF5aiiHmO3xpwEpS5Ld9g=="
    },
    "@types/node": {
      "version": "20.12.12",
      "resolved": "https://registry.npmjs.org/@types/node/-/node-20.12.12.tgz",
      "integrity": "sha512-eWLDGF/FOSPtAvEqeRAQ4C8LSA7M1I7i0ky1I8U7kD1J5ITyW3AsRhQrKVoWf5pFKZ2kILsEGJhsI9r93PYnOw==",
      "dev": true,
      "requires": {
        "undici-types": "~5.26.4"
      }
    },
    "@types/prompts": {
      "version": "2.4.9",
      "resolved": "https://registry.npmjs.org/@types/prompts/-/prompts-2.4.9.tgz",
      "integrity": "sha512-qTxFi6Buiu8+50/+3DGIWLHM6QuWsEKugJnnP6iv2Mc4ncxE4A/OJkjuVOA+5X0X1S/nq5VJRa8Lu+nwcvbrKA==",
      "dev": true,
      "requires": {
        "@types/node": "*",
        "kleur": "^3.0.3"
      }
    },
    "acorn": {
      "version": "8.11.3",
      "resolved": "https://registry.npmjs.org/acorn/-/acorn-8.11.3.tgz",
      "integrity": "sha512-Y9rRfJG5jcKOE0CLisYbojUjIrIEE7AGMzA/Sm4BslANhbS+cDMpgBdcPT91oJ7OuJ9hYJBx59RjbhxVnrF8Xg==",
      "dev": true
    },
    "acorn-walk": {
      "version": "8.3.2",
      "resolved": "https://registry.npmjs.org/acorn-walk/-/acorn-walk-8.3.2.tgz",
      "integrity": "sha512-cjkyv4OtNCIeqhHrfS81QWXoCBPExR/J62oyEqepVw8WaQeSqpW2uhuLPh1m9eWhDuOo/jUXVTlifvesOWp/4A==",
      "dev": true
    },
    "aes-js": {
      "version": "4.0.0-beta.5",
      "resolved": "https://registry.npmjs.org/aes-js/-/aes-js-4.0.0-beta.5.tgz",
      "integrity": "sha512-G965FqalsNyrPqgEGON7nIx1e/OVENSgiEIzyC63haUMuvNnwIgIjMs52hlTCKhkBny7A2ORNlfY9Zu+jmGk1Q=="
    },
    "arg": {
      "version": "4.1.3",
      "resolved": "https://registry.npmjs.org/arg/-/arg-4.1.3.tgz",
      "integrity": "sha512-58S9QDqG0Xx27YwPSt9fJxivjYl432YCwfDMfZ+71RAqUrZef7LrKQZ3LHLOwCS4FLNBplP533Zx895SeOCHvA==",
      "dev": true
    },
    "crc-32": {
      "version": "1.2.2",
      "resolved": "https://registry.npmjs.org/crc-32/-/crc-32-1.2.2.tgz",
      "integrity": "sha512-ROmzCKrTnOwybPcJApAA6WBWij23HVfGVNKqqrZpuyZOHqK2CwHSvpGuyt/UNNvaIjEd8X5IFGp4Mh+Ie1IHJQ=="
    },
    "create-require": {
      "version": "1.1.1",
      "resolved": "https://registry.npmjs.org/create-require/-/create-require-1.1.1.tgz",
      "integrity": "sha512-dcKFX3jn0MpIaXjisoRvexIJVEKzaq7z2rZKxf+MSr9TkdmHmsU4m2lcLojrj/FHl8mk5VxMmYA+ftRkP/3oKQ==",
      "dev": true
    },
    "debug": {
      "version": "4.3.4",
      "resolved": "https://registry.npmjs.org/debug/-/debug-4.3.4.tgz",
      "integrity": "sha512-PRWFHuSU3eDtQJPvnNY7Jcket1j0t5OuOsFzPPzsekD52Zl8qUfFIPEiswXqIvHWGVHOgX+7G/vCNNhehwxfkQ==",
      "requires": {
        "ms": "2.1.2"
      }
    },
    "diff": {
      "version": "4.0.2",
      "resolved": "https://registry.npmjs.org/diff/-/diff-4.0.2.tgz",
      "integrity": "sha512-58lmxKSA4BNyLz+HHMUzlOEpg09FV+ev6ZMe3vJihgdxzgcwZ8VoEEPmALCZG9LmqfVoNMMKpttIYTVG6uDY7A==",
      "dev": true
    },
    "ethereum-cryptography": {
      "version": "2.1.3",
      "resolved": "https://registry.npmjs.org/ethereum-cryptography/-/ethereum-cryptography-2.1.3.tgz",
      "integrity": "sha512-BlwbIL7/P45W8FGW2r7LGuvoEZ+7PWsniMvQ4p5s2xCyw9tmaDlpfsN9HjAucbF+t/qpVHwZUisgfK24TCW8aA==",
      "requires": {
        "@noble/curves": "1.3.0",
        "@noble/hashes": "1.3.3",
        "@scure/bip32": "1.3.3",
        "@scure/bip39": "1.2.2"
      },
      "dependencies": {
        "@noble/hashes": {
          "version": "1.3.3",
          "resolved": "https://registry.npmjs.org/@noble/hashes/-/hashes-1.3.3.tgz",
          "integrity": "sha512-V7/fPHgl+jsVPXqqeOzT8egNj2iBIVt+ECeMMG8TdcnTikP3oaBtUVqpT/gYCR68aEBJSF+XbYUxStjbFMqIIA=="
        }
      }
    },
    "ethers": {
      "version": "6.13.2",
      "resolved": "https://registry.npmjs.org/ethers/-/ethers-6.13.2.tgz",
      "integrity": "sha512-9VkriTTed+/27BGuY1s0hf441kqwHJ1wtN2edksEtiRvXx+soxRX3iSXTfFqq2+YwrOqbDoTHjIhQnjJRlzKmg==",
      "requires": {
        "@adraffy/ens-normalize": "1.10.1",
        "@noble/curves": "1.2.0",
        "@noble/hashes": "1.3.2",
        "@types/node": "18.15.13",
        "aes-js": "4.0.0-beta.5",
        "tslib": "2.4.0",
        "ws": "8.17.1"
      },
      "dependencies": {
        "@noble/curves": {
          "version": "1.2.0",
          "resolved": "https://registry.npmjs.org/@noble/curves/-/curves-1.2.0.tgz",
          "integrity": "sha512-oYclrNgRaM9SsBUBVbb8M6DTV7ZHRTKugureoYEncY5c65HOmRzvSiTE3y5CYaPYJA/GVkrhXEoF0M3Ya9PMnw==",
          "requires": {
            "@noble/hashes": "1.3.2"
          }
        },
        "@noble/hashes": {
          "version": "1.3.2",
          "resolved": "https://registry.npmjs.org/@noble/hashes/-/hashes-1.3.2.tgz",
          "integrity": "sha512-MVC8EAQp7MvEcm30KWENFjgR+Mkmf+D189XJTkFIlwohU5hcBbn1ZkKq7KVTi2Hme3PMGF390DaL52beVrIihQ=="
        },
        "@types/node": {
          "version": "18.15.13",
          "resolved": "https://registry.npmjs.org/@types/node/-/node-18.15.13.tgz",
          "integrity": "sha512-N+0kuo9KgrUQ1Sn/ifDXsvg0TTleP7rIy4zOBGECxAljqvqfqpTfzx0Q1NUedOixRMBfe2Whhb056a42cWs26Q=="
        },
        "ws": {
          "version": "8.17.1",
          "resolved": "https://registry.npmjs.org/ws/-/ws-8.17.1.tgz",
          "integrity": "sha512-6XQFvXTkbfUOZOKKILFG1PDK2NDQs4azKQl26T0YS5CxqWLgXajbPZ+h4gZekJyRqFU8pvnbAbbs/3TgRPy+GQ==",
          "requires": {}
        }
      }
    },
    "kleur": {
      "version": "3.0.3",
      "resolved": "https://registry.npmjs.org/kleur/-/kleur-3.0.3.tgz",
      "integrity": "sha512-eTIzlVOSUR+JxdDFepEYcBMtZ9Qqdef+rnzWdRZuMbOywu5tO2w2N7rqjoANZ5k9vywhL6Br1VRjUIgTQx4E8w=="
    },
    "make-error": {
      "version": "1.3.6",
      "resolved": "https://registry.npmjs.org/make-error/-/make-error-1.3.6.tgz",
      "integrity": "sha512-s8UhlNe7vPKomQhC1qFelMokr/Sc3AgNbso3n74mVPA5LTZwkB9NlXf4XPamLxJE8h0gh73rM94xvwRT2CVInw==",
      "dev": true
    },
    "micro-ftch": {
      "version": "0.3.1",
      "resolved": "https://registry.npmjs.org/micro-ftch/-/micro-ftch-0.3.1.tgz",
      "integrity": "sha512-/0LLxhzP0tfiR5hcQebtudP56gUurs2CLkGarnCiB/OqEyUFQ6U3paQi/tgLv0hBJYt2rnr9MNpxz4fiiugstg=="
    },
    "ms": {
      "version": "2.1.2",
      "resolved": "https://registry.npmjs.org/ms/-/ms-2.1.2.tgz",
      "integrity": "sha512-sGkPx+VjMtmA6MX27oA4FBFELFCZZ4S4XqeGOXCv68tT+jb3vk/RyaKWP0PTKyWtmLSM0b+adUTEvbs1PEaH2w=="
    },
    "pony-cause": {
      "version": "2.1.11",
      "resolved": "https://registry.npmjs.org/pony-cause/-/pony-cause-2.1.11.tgz",
      "integrity": "sha512-M7LhCsdNbNgiLYiP4WjsfLUuFmCfnjdF6jKe2R9NKl4WFN+HZPGHJZ9lnLP7f9ZnKe3U9nuWD0szirmj+migUg=="
    },
    "prompts": {
      "version": "2.4.2",
      "resolved": "https://registry.npmjs.org/prompts/-/prompts-2.4.2.tgz",
      "integrity": "sha512-NxNv/kLguCA7p3jE8oL2aEBsrJWgAakBpgmgK6lpPWV+WuOmY6r2/zbAVnP+T8bQlA0nzHXSJSJW0Hq7ylaD2Q==",
      "requires": {
        "kleur": "^3.0.3",
        "sisteransi": "^1.0.5"
      }
    },
    "semver": {
      "version": "7.6.2",
      "resolved": "https://registry.npmjs.org/semver/-/semver-7.6.2.tgz",
      "integrity": "sha512-FNAIBWCx9qcRhoHcgcJ0gvU7SN1lYU2ZXuSfl04bSC5OpvDHFyJCjdNHomPXxjQlCBU67YW64PzY7/VIEH7F2w=="
    },
    "sisteransi": {
      "version": "1.0.5",
      "resolved": "https://registry.npmjs.org/sisteransi/-/sisteransi-1.0.5.tgz",
      "integrity": "sha512-bLGGlR1QxBcynn2d5YmDX4MGjlZvy2MRBDRNHLJ8VI6l6+9FUiyTFNJ0IveOSP0bcXgVDPRcfGqA0pjaqUpfVg=="
    },
    "superstruct": {
      "version": "1.0.4",
      "resolved": "https://registry.npmjs.org/superstruct/-/superstruct-1.0.4.tgz",
      "integrity": "sha512-7JpaAoX2NGyoFlI9NBh66BQXGONc+uE+MRS5i2iOBKuS4e+ccgMDjATgZldkah+33DakBxDHiss9kvUcGAO8UQ=="
    },
    "ts-node": {
      "version": "10.9.2",
      "resolved": "https://registry.npmjs.org/ts-node/-/ts-node-10.9.2.tgz",
      "integrity": "sha512-f0FFpIdcHgn8zcPSbf1dRevwt047YMnaiJM3u2w2RewrB+fob/zePZcrOyQoLMMO7aBIddLcQIEK5dYjkLnGrQ==",
      "dev": true,
      "requires": {
        "@cspotcode/source-map-support": "^0.8.0",
        "@tsconfig/node10": "^1.0.7",
        "@tsconfig/node12": "^1.0.7",
        "@tsconfig/node14": "^1.0.0",
        "@tsconfig/node16": "^1.0.2",
        "acorn": "^8.4.1",
        "acorn-walk": "^8.1.1",
        "arg": "^4.1.0",
        "create-require": "^1.1.0",
        "diff": "^4.0.1",
        "make-error": "^1.1.1",
        "v8-compile-cache-lib": "^3.0.1",
        "yn": "3.1.1"
      }
    },
    "tslib": {
      "version": "2.4.0",
      "resolved": "https://registry.npmjs.org/tslib/-/tslib-2.4.0.tgz",
      "integrity": "sha512-d6xOpEDfsi2CZVlPQzGeux8XMwLT9hssAsaPYExaQMuYskwb+x1x7J371tWlbBdWHroy99KnVB6qIkUbs5X3UQ=="
    },
    "tweetnacl": {
      "version": "1.0.3",
      "resolved": "https://registry.npmjs.org/tweetnacl/-/tweetnacl-1.0.3.tgz",
      "integrity": "sha512-6rt+RN7aOi1nGMyC4Xa5DdYiukl2UWCbcJft7YhxReBGQD7OAM8Pbxw6YMo4r2diNEA8FEmu32YOn9rhaiE5yw=="
    },
    "typescript": {
      "version": "5.4.5",
      "resolved": "https://registry.npmjs.org/typescript/-/typescript-5.4.5.tgz",
      "integrity": "sha512-vcI4UpRgg81oIRUFwR0WSIHKt11nJ7SAVlYNIu+QpqeyXP+gpQJy/Z4+F0aGxSE4MqwjyXvW/TzgkLAx2AGHwQ==",
      "dev": true
    },
    "undici-types": {
      "version": "5.26.5",
      "resolved": "https://registry.npmjs.org/undici-types/-/undici-types-5.26.5.tgz",
      "integrity": "sha512-JlCMO+ehdEIKqlFxk6IfVoAUVmgz7cU7zD/h9XZ0qzeosSHmUJVOzSQvvYSYWXkFXC+IfLKSIffhv0sVZup6pA==",
      "dev": true
    },
    "uuid": {
      "version": "9.0.1",
      "resolved": "https://registry.npmjs.org/uuid/-/uuid-9.0.1.tgz",
      "integrity": "sha512-b+1eJOlsR9K8HJpow9Ok3fiWOWSIcIzXodvv0rQjVoOVNpWMpxf1wZNpt4y9h10odCNrqnYp1OBzRktckBe3sA=="
    },
    "v8-compile-cache-lib": {
      "version": "3.0.1",
      "resolved": "https://registry.npmjs.org/v8-compile-cache-lib/-/v8-compile-cache-lib-3.0.1.tgz",
      "integrity": "sha512-wa7YjyUGfNZngI/vtK0UHAN+lgDCxBPCylVXGp0zu59Fz5aiGtNXaq3DhIov063MorB+VfufLh3JlF2KdTK3xg==",
      "dev": true
    },
    "yn": {
      "version": "3.1.1",
      "resolved": "https://registry.npmjs.org/yn/-/yn-3.1.1.tgz",
      "integrity": "sha512-Ux4ygGWsu2c7isFWe8Yu1YluJmqVhxqK2cLXNQA5AcC3QfbGNpM7fu0Y8b/z16pXLnFxZYvWhd3fhBY9DLmC6Q==",
      "dev": true
    }
  }
}
